PODS:
  - RxCocoa (3.6.1):
    - RxSwift (~> 3.6)
  - RxPager (1.0.0):
    - RxSwift (~> 3.0)
  - RxSwift (3.6.1)

DEPENDENCIES:
  - RxCocoa (~> 3.0)
  - RxPager (from `../`)

EXTERNAL SOURCES:
  RxPager:
    :path: ../

SPEC CHECKSUMS:
  RxCocoa: 84a08739ab186248c7f31ce4ee92d6f8a947d690
  RxPager: 4e6287bb4c323f7907e964e47b6fc83feb2b9b33
  RxSwift: f9de85ea20cd2f7716ee5409fc13523dc638e4e4

PODFILE CHECKSUM: 937100fe696baf5d4a970a0cf212af7b6caa353d

COCOAPODS: 1.3.1
